// !$*UTF8*$!
{
	archiveVersion = 1;
	classes = {
	};
	objectVersion = 46;
	objects = {

/* Begin PBXBuildFile section */
		DA9AE3B817CA31EE00E179B2 /* main.cc in Sources */ = {isa = PBXBuildFile; fileRef = DA9AE3A617CA31EE00E179B2 /* main.cc */; };
		DA9AE3B917CA31EE00E179B2 /* Makefile in Sources */ = {isa = PBXBuildFile; fileRef = DA9AE3A717CA31EE00E179B2 /* Makefile */; };
		DA9AE3BA17CA31EE00E179B2 /* ref_counted.cc in Sources */ = {isa = PBXBuildFile; fileRef = DA9AE3A817CA31EE00E179B2 /* ref_counted.cc */; };
		DA9AE3BB17CA31EE00E179B2 /* ref_counted_memory.cc in Sources */ = {isa = PBXBuildFile; fileRef = DA9AE3AA17CA31EE00E179B2 /* ref_counted_memory.cc */; };
		DA9AE3BC17CA31EE00E179B2 /* zcodec.c in Sources */ = {isa = PBXBuildFile; fileRef = DA9AE3AD17CA31EE00E179B2 /* zcodec.c */; };
		DA9AE3BF17CA31EE00E179B2 /* zlog.c in Sources */ = {isa = PBXBuildFile; fileRef = DA9AE3B217CA31EE00E179B2 /* zlog.c */; };
		DA9AE3E517CA320500E179B2 /* main.cc in Sources */ = {isa = PBXBuildFile; fileRef = DA9AE3C417CA320500E179B2 /* main.cc */; };
		DA9AE3E617CA320500E179B2 /* Makefile in Sources */ = {isa = PBXBuildFile; fileRef = DA9AE3C517CA320500E179B2 /* Makefile */; };
		DA9AE3E717CA320500E179B2 /* zclient.cc in Sources */ = {isa = PBXBuildFile; fileRef = DA9AE3C617CA320500E179B2 /* zclient.cc */; };
		DA9AE3EA17CA320500E179B2 /* zdispatcher.cc in Sources */ = {isa = PBXBuildFile; fileRef = DA9AE3CB17CA320500E179B2 /* zdispatcher.cc */; };
		DA9AE3ED17CA320500E179B2 /* zserver.cc in Sources */ = {isa = PBXBuildFile; fileRef = DA9AE3D417CA320500E179B2 /* zserver.cc */; };
		DA9AE3F017CA320500E179B2 /* zserver_handler.cc in Sources */ = {isa = PBXBuildFile; fileRef = DA9AE3D817CA320500E179B2 /* zserver_handler.cc */; };
		DA9AE3F317CA320500E179B2 /* zutil.cc in Sources */ = {isa = PBXBuildFile; fileRef = DA9AE3E017CA320500E179B2 /* zutil.cc */; };
		DA9AE40517CA320F00E179B2 /* main.cc in Sources */ = {isa = PBXBuildFile; fileRef = DA9AE3F817CA320F00E179B2 /* main.cc */; };
		DA9AE40617CA320F00E179B2 /* Makefile in Sources */ = {isa = PBXBuildFile; fileRef = DA9AE3F917CA320F00E179B2 /* Makefile */; };
		DA9AE40717CA320F00E179B2 /* zbdevice_manager.cc in Sources */ = {isa = PBXBuildFile; fileRef = DA9AE3FB17CA320F00E179B2 /* zbdevice_manager.cc */; };
		DA9AE40A17CA320F00E179B2 /* zzigbee_message.cc in Sources */ = {isa = PBXBuildFile; fileRef = DA9AE40017CA320F00E179B2 /* zzigbee_message.cc */; };
		DA9AE45C17CA321F00E179B2 /* center.cc in Sources */ = {isa = PBXBuildFile; fileRef = DA9AE40F17CA321F00E179B2 /* center.cc */; };
		DA9AE45F17CA321F00E179B2 /* fgw.cc in Sources */ = {isa = PBXBuildFile; fileRef = DA9AE41517CA321F00E179B2 /* fgw.cc */; };
		DA9AE46217CA321F00E179B2 /* fgw_client.cc in Sources */ = {isa = PBXBuildFile; fileRef = DA9AE41917CA321F00E179B2 /* fgw_client.cc */; };
		DA9AE46517CA321F00E179B2 /* fgw_client_handler.cc in Sources */ = {isa = PBXBuildFile; fileRef = DA9AE41D17CA321F00E179B2 /* fgw_client_handler.cc */; };
		DA9AE46817CA321F00E179B2 /* fgw_handler.cc in Sources */ = {isa = PBXBuildFile; fileRef = DA9AE42117CA321F00E179B2 /* fgw_handler.cc */; };
		DA9AE46B17CA321F00E179B2 /* fgw_server.cc in Sources */ = {isa = PBXBuildFile; fileRef = DA9AE42517CA321F00E179B2 /* fgw_server.cc */; };
		DA9AE46E17CA321F00E179B2 /* Makefile in Sources */ = {isa = PBXBuildFile; fileRef = DA9AE42D17CA321F00E179B2 /* Makefile */; };
		DA9AE46F17CA321F00E179B2 /* module.cc in Sources */ = {isa = PBXBuildFile; fileRef = DA9AE42E17CA321F00E179B2 /* module.cc */; };
		DA9AE47217CA321F00E179B2 /* push_message.cc in Sources */ = {isa = PBXBuildFile; fileRef = DA9AE43217CA321F00E179B2 /* push_message.cc */; };
		DA9AE47517CA321F00E179B2 /* unittest_main.cc in Sources */ = {isa = PBXBuildFile; fileRef = DA9AE43817CA321F00E179B2 /* unittest_main.cc */; };
		DA9AE47817CA321F00E179B2 /* zformatter.cc in Sources */ = {isa = PBXBuildFile; fileRef = DA9AE43C17CA321F00E179B2 /* zformatter.cc */; };
		DA9AE47B17CA321F00E179B2 /* zroute.cc in Sources */ = {isa = PBXBuildFile; fileRef = DA9AE44217CA321F00E179B2 /* zroute.cc */; };
		DA9AE47C17CA321F00E179B2 /* zserial.cc in Sources */ = {isa = PBXBuildFile; fileRef = DA9AE44417CA321F00E179B2 /* zserial.cc */; };
		DA9AE47F17CA321F00E179B2 /* zwebapi_handler.cc in Sources */ = {isa = PBXBuildFile; fileRef = DA9AE44817CA321F00E179B2 /* zwebapi_handler.cc */; };
		DA9AE48217CA321F00E179B2 /* zwebapi_msg.cc in Sources */ = {isa = PBXBuildFile; fileRef = DA9AE44C17CA321F00E179B2 /* zwebapi_msg.cc */; };
		DA9AE48317CA321F00E179B2 /* zwebapi_server.cc in Sources */ = {isa = PBXBuildFile; fileRef = DA9AE44E17CA321F00E179B2 /* zwebapi_server.cc */; };
		DA9AE48617CA321F00E179B2 /* zwebapi_session.cc in Sources */ = {isa = PBXBuildFile; fileRef = DA9AE45217CA321F00E179B2 /* zwebapi_session.cc */; };
		DA9AE48917CA321F00E179B2 /* zzigbee_handler.cc in Sources */ = {isa = PBXBuildFile; fileRef = DA9AE45617CA321F00E179B2 /* zzigbee_handler.cc */; };
/* End PBXBuildFile section */

/* Begin PBXCopyFilesBuildPhase section */
		DABB6D0A173F7AD6009D74F9 /* CopyFiles */ = {
			isa = PBXCopyFilesBuildPhase;
			buildActionMask = 2147483647;
			dstPath = /usr/share/man/man1/;
			dstSubfolderSpec = 0;
			files = (
			);
			runOnlyForDeploymentPostprocessing = 1;
		};
/* End PBXCopyFilesBuildPhase section */

/* Begin PBXFileReference section */
		DA9AE3A617CA31EE00E179B2 /* main.cc */ = {isa = PBXFileReference; fileEncoding = 4; lastKnownFileType = sourcecode.cpp.cpp; path = main.cc; sourceTree = "<group>"; };
		DA9AE3A717CA31EE00E179B2 /* Makefile */ = {isa = PBXFileReference; fileEncoding = 4; lastKnownFileType = sourcecode.make; path = Makefile; sourceTree = "<group>"; };
		DA9AE3A817CA31EE00E179B2 /* ref_counted.cc */ = {isa = PBXFileReference; fileEncoding = 4; lastKnownFileType = sourcecode.cpp.cpp; path = ref_counted.cc; sourceTree = "<group>"; };
		DA9AE3A917CA31EE00E179B2 /* ref_counted.h */ = {isa = PBXFileReference; fileEncoding = 4; lastKnownFileType = sourcecode.c.h; path = ref_counted.h; sourceTree = "<group>"; };
		DA9AE3AA17CA31EE00E179B2 /* ref_counted_memory.cc */ = {isa = PBXFileReference; fileEncoding = 4; lastKnownFileType = sourcecode.cpp.cpp; path = ref_counted_memory.cc; sourceTree = "<group>"; };
		DA9AE3AB17CA31EE00E179B2 /* ref_counted_memory.h */ = {isa = PBXFileReference; fileEncoding = 4; lastKnownFileType = sourcecode.c.h; path = ref_counted_memory.h; sourceTree = "<group>"; };
		DA9AE3AC17CA31EE00E179B2 /* scoped_ptr.h */ = {isa = PBXFileReference; fileEncoding = 4; lastKnownFileType = sourcecode.c.h; path = scoped_ptr.h; sourceTree = "<group>"; };
		DA9AE3AD17CA31EE00E179B2 /* zcodec.c */ = {isa = PBXFileReference; fileEncoding = 4; lastKnownFileType = sourcecode.c.c; path = zcodec.c; sourceTree = "<group>"; };
		DA9AE3AF17CA31EE00E179B2 /* zcodec.h */ = {isa = PBXFileReference; fileEncoding = 4; lastKnownFileType = sourcecode.c.h; path = zcodec.h; sourceTree = "<group>"; };
		DA9AE3B117CA31EE00E179B2 /* zcodecpp.h */ = {isa = PBXFileReference; fileEncoding = 4; lastKnownFileType = sourcecode.c.h; path = zcodecpp.h; sourceTree = "<group>"; };
		DA9AE3B217CA31EE00E179B2 /* zlog.c */ = {isa = PBXFileReference; fileEncoding = 4; lastKnownFileType = sourcecode.c.c; path = zlog.c; sourceTree = "<group>"; };
		DA9AE3B417CA31EE00E179B2 /* zlog.h */ = {isa = PBXFileReference; fileEncoding = 4; lastKnownFileType = sourcecode.c.h; path = zlog.h; sourceTree = "<group>"; };
		DA9AE3B617CA31EE00E179B2 /* ztypes.h */ = {isa = PBXFileReference; fileEncoding = 4; lastKnownFileType = sourcecode.c.h; path = ztypes.h; sourceTree = "<group>"; };
		DA9AE3C417CA320500E179B2 /* main.cc */ = {isa = PBXFileReference; fileEncoding = 4; lastKnownFileType = sourcecode.cpp.cpp; path = main.cc; sourceTree = "<group>"; };
		DA9AE3C517CA320500E179B2 /* Makefile */ = {isa = PBXFileReference; fileEncoding = 4; lastKnownFileType = sourcecode.make; path = Makefile; sourceTree = "<group>"; };
		DA9AE3C617CA320500E179B2 /* zclient.cc */ = {isa = PBXFileReference; fileEncoding = 4; lastKnownFileType = sourcecode.cpp.cpp; path = zclient.cc; sourceTree = "<group>"; };
		DA9AE3C817CA320500E179B2 /* zclient.h */ = {isa = PBXFileReference; fileEncoding = 4; lastKnownFileType = sourcecode.c.h; path = zclient.h; sourceTree = "<group>"; };
		DA9AE3CA17CA320500E179B2 /* zclient_handler.h */ = {isa = PBXFileReference; fileEncoding = 4; lastKnownFileType = sourcecode.c.h; path = zclient_handler.h; sourceTree = "<group>"; };
		DA9AE3CB17CA320500E179B2 /* zdispatcher.cc */ = {isa = PBXFileReference; fileEncoding = 4; lastKnownFileType = sourcecode.cpp.cpp; path = zdispatcher.cc; sourceTree = "<group>"; };
		DA9AE3CD17CA320500E179B2 /* zdispatcher.h */ = {isa = PBXFileReference; fileEncoding = 4; lastKnownFileType = sourcecode.c.h; path = zdispatcher.h; sourceTree = "<group>"; };
		DA9AE3CF17CA320500E179B2 /* zerrno.h */ = {isa = PBXFileReference; fileEncoding = 4; lastKnownFileType = sourcecode.c.h; path = zerrno.h; sourceTree = "<group>"; };
		DA9AE3D017CA320500E179B2 /* zframework.h */ = {isa = PBXFileReference; fileEncoding = 4; lastKnownFileType = sourcecode.c.h; path = zframework.h; sourceTree = "<group>"; };
		DA9AE3D117CA320500E179B2 /* zhandler.h */ = {isa = PBXFileReference; fileEncoding = 4; lastKnownFileType = sourcecode.c.h; path = zhandler.h; sourceTree = "<group>"; };
		DA9AE3D217CA320500E179B2 /* zinner_message.h */ = {isa = PBXFileReference; fileEncoding = 4; lastKnownFileType = sourcecode.c.h; path = zinner_message.h; sourceTree = "<group>"; };
		DA9AE3D317CA320500E179B2 /* zmodule.h */ = {isa = PBXFileReference; fileEncoding = 4; lastKnownFileType = sourcecode.c.h; path = zmodule.h; sourceTree = "<group>"; };
		DA9AE3D417CA320500E179B2 /* zserver.cc */ = {isa = PBXFileReference; fileEncoding = 4; lastKnownFileType = sourcecode.cpp.cpp; path = zserver.cc; sourceTree = "<group>"; };
		DA9AE3D617CA320500E179B2 /* zserver.h */ = {isa = PBXFileReference; fileEncoding = 4; lastKnownFileType = sourcecode.c.h; path = zserver.h; sourceTree = "<group>"; };
		DA9AE3D817CA320500E179B2 /* zserver_handler.cc */ = {isa = PBXFileReference; fileEncoding = 4; lastKnownFileType = sourcecode.cpp.cpp; path = zserver_handler.cc; sourceTree = "<group>"; };
		DA9AE3DA17CA320500E179B2 /* zserver_handler.h */ = {isa = PBXFileReference; fileEncoding = 4; lastKnownFileType = sourcecode.c.h; path = zserver_handler.h; sourceTree = "<group>"; };
		DA9AE3DC17CA320500E179B2 /* zsession.h */ = {isa = PBXFileReference; fileEncoding = 4; lastKnownFileType = sourcecode.c.h; path = zsession.h; sourceTree = "<group>"; };
		DA9AE3DD17CA320500E179B2 /* zsession_ctrl.h */ = {isa = PBXFileReference; fileEncoding = 4; lastKnownFileType = sourcecode.c.h; path = zsession_ctrl.h; sourceTree = "<group>"; };
		DA9AE3DE17CA320500E179B2 /* ztime.h */ = {isa = PBXFileReference; fileEncoding = 4; lastKnownFileType = sourcecode.c.h; path = ztime.h; sourceTree = "<group>"; };
		DA9AE3DF17CA320500E179B2 /* ztimer.h */ = {isa = PBXFileReference; fileEncoding = 4; lastKnownFileType = sourcecode.c.h; path = ztimer.h; sourceTree = "<group>"; };
		DA9AE3E017CA320500E179B2 /* zutil.cc */ = {isa = PBXFileReference; fileEncoding = 4; lastKnownFileType = sourcecode.cpp.cpp; path = zutil.cc; sourceTree = "<group>"; };
		DA9AE3E217CA320500E179B2 /* zutil.h */ = {isa = PBXFileReference; fileEncoding = 4; lastKnownFileType = sourcecode.c.h; path = zutil.h; sourceTree = "<group>"; };
		DA9AE3F817CA320F00E179B2 /* main.cc */ = {isa = PBXFileReference; fileEncoding = 4; lastKnownFileType = sourcecode.cpp.cpp; path = main.cc; sourceTree = "<group>"; };
		DA9AE3F917CA320F00E179B2 /* Makefile */ = {isa = PBXFileReference; fileEncoding = 4; lastKnownFileType = sourcecode.make; path = Makefile; sourceTree = "<group>"; };
		DA9AE3FA17CA320F00E179B2 /* zbdefines.h */ = {isa = PBXFileReference; fileEncoding = 4; lastKnownFileType = sourcecode.c.h; path = zbdefines.h; sourceTree = "<group>"; };
		DA9AE3FB17CA320F00E179B2 /* zbdevice_manager.cc */ = {isa = PBXFileReference; fileEncoding = 4; lastKnownFileType = sourcecode.cpp.cpp; path = zbdevice_manager.cc; sourceTree = "<group>"; };
		DA9AE3FD17CA320F00E179B2 /* zbdevice_manager.h */ = {isa = PBXFileReference; fileEncoding = 4; lastKnownFileType = sourcecode.c.h; path = zbdevice_manager.h; sourceTree = "<group>"; };
		DA9AE3FF17CA320F00E179B2 /* zzigbee_codec.h */ = {isa = PBXFileReference; fileEncoding = 4; lastKnownFileType = sourcecode.c.h; path = zzigbee_codec.h; sourceTree = "<group>"; };
		DA9AE40017CA320F00E179B2 /* zzigbee_message.cc */ = {isa = PBXFileReference; fileEncoding = 4; lastKnownFileType = sourcecode.cpp.cpp; path = zzigbee_message.cc; sourceTree = "<group>"; };
		DA9AE40217CA320F00E179B2 /* zzigbee_message.h */ = {isa = PBXFileReference; fileEncoding = 4; lastKnownFileType = sourcecode.c.h; path = zzigbee_message.h; sourceTree = "<group>"; };
		DA9AE40F17CA321F00E179B2 /* center.cc */ = {isa = PBXFileReference; fileEncoding = 4; lastKnownFileType = sourcecode.cpp.cpp; path = center.cc; sourceTree = "<group>"; };
		DA9AE41117CA321F00E179B2 /* center.mk */ = {isa = PBXFileReference; fileEncoding = 4; lastKnownFileType = text; path = center.mk; sourceTree = "<group>"; };
		DA9AE41317CA321F00E179B2 /* config.cfg */ = {isa = PBXFileReference; fileEncoding = 4; lastKnownFileType = text; path = config.cfg; sourceTree = "<group>"; };
		DA9AE41517CA321F00E179B2 /* fgw.cc */ = {isa = PBXFileReference; fileEncoding = 4; lastKnownFileType = sourcecode.cpp.cpp; path = fgw.cc; sourceTree = "<group>"; };
		DA9AE41717CA321F00E179B2 /* fgw.mk */ = {isa = PBXFileReference; fileEncoding = 4; lastKnownFileType = text; path = fgw.mk; sourceTree = "<group>"; };
		DA9AE41917CA321F00E179B2 /* fgw_client.cc */ = {isa = PBXFileReference; fileEncoding = 4; lastKnownFileType = sourcecode.cpp.cpp; path = fgw_client.cc; sourceTree = "<group>"; };
		DA9AE41B17CA321F00E179B2 /* fgw_client.h */ = {isa = PBXFileReference; fileEncoding = 4; lastKnownFileType = sourcecode.c.h; path = fgw_client.h; sourceTree = "<group>"; };
		DA9AE41D17CA321F00E179B2 /* fgw_client_handler.cc */ = {isa = PBXFileReference; fileEncoding = 4; lastKnownFileType = sourcecode.cpp.cpp; path = fgw_client_handler.cc; sourceTree = "<group>"; };
		DA9AE41F17CA321F00E179B2 /* fgw_client_handler.h */ = {isa = PBXFileReference; fileEncoding = 4; lastKnownFileType = sourcecode.c.h; path = fgw_client_handler.h; sourceTree = "<group>"; };
		DA9AE42117CA321F00E179B2 /* fgw_handler.cc */ = {isa = PBXFileReference; fileEncoding = 4; lastKnownFileType = sourcecode.cpp.cpp; path = fgw_handler.cc; sourceTree = "<group>"; };
		DA9AE42317CA321F00E179B2 /* fgw_handler.h */ = {isa = PBXFileReference; fileEncoding = 4; lastKnownFileType = sourcecode.c.h; path = fgw_handler.h; sourceTree = "<group>"; };
		DA9AE42517CA321F00E179B2 /* fgw_server.cc */ = {isa = PBXFileReference; fileEncoding = 4; lastKnownFileType = sourcecode.cpp.cpp; path = fgw_server.cc; sourceTree = "<group>"; };
		DA9AE42717CA321F00E179B2 /* fgw_server.h */ = {isa = PBXFileReference; fileEncoding = 4; lastKnownFileType = sourcecode.c.h; path = fgw_server.h; sourceTree = "<group>"; };
		DA9AE42917CA321F00E179B2 /* fgw_session.h */ = {isa = PBXFileReference; fileEncoding = 4; lastKnownFileType = sourcecode.c.h; path = fgw_session.h; sourceTree = "<group>"; };
		DA9AE42D17CA321F00E179B2 /* Makefile */ = {isa = PBXFileReference; fileEncoding = 4; lastKnownFileType = sourcecode.make; path = Makefile; sourceTree = "<group>"; };
		DA9AE42E17CA321F00E179B2 /* module.cc */ = {isa = PBXFileReference; fileEncoding = 4; lastKnownFileType = sourcecode.cpp.cpp; path = module.cc; sourceTree = "<group>"; };
		DA9AE43017CA321F00E179B2 /* module.h */ = {isa = PBXFileReference; fileEncoding = 4; lastKnownFileType = sourcecode.c.h; path = module.h; sourceTree = "<group>"; };
		DA9AE43217CA321F00E179B2 /* push_message.cc */ = {isa = PBXFileReference; fileEncoding = 4; lastKnownFileType = sourcecode.cpp.cpp; path = push_message.cc; sourceTree = "<group>"; };
		DA9AE43417CA321F00E179B2 /* push_message.h */ = {isa = PBXFileReference; fileEncoding = 4; lastKnownFileType = sourcecode.c.h; path = push_message.h; sourceTree = "<group>"; };
		DA9AE43617CA321F00E179B2 /* README */ = {isa = PBXFileReference; fileEncoding = 4; lastKnownFileType = text; path = README; sourceTree = "<group>"; };
		DA9AE43717CA321F00E179B2 /* todo.txt */ = {isa = PBXFileReference; fileEncoding = 4; lastKnownFileType = text; path = todo.txt; sourceTree = "<group>"; };
		DA9AE43817CA321F00E179B2 /* unittest_main.cc */ = {isa = PBXFileReference; fileEncoding = 4; lastKnownFileType = sourcecode.cpp.cpp; path = unittest_main.cc; sourceTree = "<group>"; };
		DA9AE43A17CA321F00E179B2 /* unittest_main.h */ = {isa = PBXFileReference; fileEncoding = 4; lastKnownFileType = sourcecode.c.h; path = unittest_main.h; sourceTree = "<group>"; };
		DA9AE43C17CA321F00E179B2 /* zformatter.cc */ = {isa = PBXFileReference; fileEncoding = 4; lastKnownFileType = sourcecode.cpp.cpp; path = zformatter.cc; sourceTree = "<group>"; };
		DA9AE43E17CA321F00E179B2 /* zformatter.h */ = {isa = PBXFileReference; fileEncoding = 4; lastKnownFileType = sourcecode.c.h; path = zformatter.h; sourceTree = "<group>"; };
		DA9AE44017CA321F00E179B2 /* zinner_message_ex.h */ = {isa = PBXFileReference; fileEncoding = 4; lastKnownFileType = sourcecode.c.h; path = zinner_message_ex.h; sourceTree = "<group>"; };
		DA9AE44117CA321F00E179B2 /* zjson_codec.h */ = {isa = PBXFileReference; fileEncoding = 4; lastKnownFileType = sourcecode.c.h; path = zjson_codec.h; sourceTree = "<group>"; };
		DA9AE44217CA321F00E179B2 /* zroute.cc */ = {isa = PBXFileReference; fileEncoding = 4; lastKnownFileType = sourcecode.cpp.cpp; path = zroute.cc; sourceTree = "<group>"; };
		DA9AE44317CA321F00E179B2 /* zroute.h */ = {isa = PBXFileReference; fileEncoding = 4; lastKnownFileType = sourcecode.c.h; path = zroute.h; sourceTree = "<group>"; };
		DA9AE44417CA321F00E179B2 /* zserial.cc */ = {isa = PBXFileReference; fileEncoding = 4; lastKnownFileType = sourcecode.cpp.cpp; path = zserial.cc; sourceTree = "<group>"; };
		DA9AE44617CA321F00E179B2 /* zserial.h */ = {isa = PBXFileReference; fileEncoding = 4; lastKnownFileType = sourcecode.c.h; path = zserial.h; sourceTree = "<group>"; };
		DA9AE44817CA321F00E179B2 /* zwebapi_handler.cc */ = {isa = PBXFileReference; fileEncoding = 4; lastKnownFileType = sourcecode.cpp.cpp; path = zwebapi_handler.cc; sourceTree = "<group>"; };
		DA9AE44A17CA321F00E179B2 /* zwebapi_handler.h */ = {isa = PBXFileReference; fileEncoding = 4; lastKnownFileType = sourcecode.c.h; path = zwebapi_handler.h; sourceTree = "<group>"; };
		DA9AE44C17CA321F00E179B2 /* zwebapi_msg.cc */ = {isa = PBXFileReference; fileEncoding = 4; lastKnownFileType = sourcecode.cpp.cpp; path = zwebapi_msg.cc; sourceTree = "<group>"; };
		DA9AE44D17CA321F00E179B2 /* zwebapi_msg.h */ = {isa = PBXFileReference; fileEncoding = 4; lastKnownFileType = sourcecode.c.h; path = zwebapi_msg.h; sourceTree = "<group>"; };
		DA9AE44E17CA321F00E179B2 /* zwebapi_server.cc */ = {isa = PBXFileReference; fileEncoding = 4; lastKnownFileType = sourcecode.cpp.cpp; path = zwebapi_server.cc; sourceTree = "<group>"; };
		DA9AE45017CA321F00E179B2 /* zwebapi_server.h */ = {isa = PBXFileReference; fileEncoding = 4; lastKnownFileType = sourcecode.c.h; path = zwebapi_server.h; sourceTree = "<group>"; };
		DA9AE45217CA321F00E179B2 /* zwebapi_session.cc */ = {isa = PBXFileReference; fileEncoding = 4; lastKnownFileType = sourcecode.cpp.cpp; path = zwebapi_session.cc; sourceTree = "<group>"; };
		DA9AE45417CA321F00E179B2 /* zwebapi_session.h */ = {isa = PBXFileReference; fileEncoding = 4; lastKnownFileType = sourcecode.c.h; path = zwebapi_session.h; sourceTree = "<group>"; };
		DA9AE45617CA321F00E179B2 /* zzigbee_handler.cc */ = {isa = PBXFileReference; fileEncoding = 4; lastKnownFileType = sourcecode.cpp.cpp; path = zzigbee_handler.cc; sourceTree = "<group>"; };
		DA9AE45817CA321F00E179B2 /* zzigbee_handler.h */ = {isa = PBXFileReference; fileEncoding = 4; lastKnownFileType = sourcecode.c.h; path = zzigbee_handler.h; sourceTree = "<group>"; };
		DA9AE45A17CA321F00E179B2 /* zzigbee_module.h */ = {isa = PBXFileReference; fileEncoding = 4; lastKnownFileType = sourcecode.c.h; path = zzigbee_module.h; sourceTree = "<group>"; };
		DA9AE45B17CA321F00E179B2 /* zzigbee_session.h */ = {isa = PBXFileReference; fileEncoding = 4; lastKnownFileType = sourcecode.c.h; path = zzigbee_session.h; sourceTree = "<group>"; };
		DABB6D0C173F7AD6009D74F9 /* monsys */ = {isa = PBXFileReference; explicitFileType = "compiled.mach-o.executable"; includeInIndex = 0; path = monsys; sourceTree = BUILT_PRODUCTS_DIR; };
/* End PBXFileReference section */

/* Begin PBXFrameworksBuildPhase section */
		DABB6D09173F7AD6009D74F9 /* Frameworks */ = {
			isa = PBXFrameworksBuildPhase;
			buildActionMask = 2147483647;
			files = (
			);
			runOnlyForDeploymentPostprocessing = 0;
		};
/* End PBXFrameworksBuildPhase section */

/* Begin PBXGroup section */
		DA9AE3A417CA31EE00E179B2 /* libbase */ = {
			isa = PBXGroup;
			children = (
				DA9AE3A617CA31EE00E179B2 /* main.cc */,
				DA9AE3A717CA31EE00E179B2 /* Makefile */,
				DA9AE3A817CA31EE00E179B2 /* ref_counted.cc */,
				DA9AE3A917CA31EE00E179B2 /* ref_counted.h */,
				DA9AE3AA17CA31EE00E179B2 /* ref_counted_memory.cc */,
				DA9AE3AB17CA31EE00E179B2 /* ref_counted_memory.h */,
				DA9AE3AC17CA31EE00E179B2 /* scoped_ptr.h */,
				DA9AE3AD17CA31EE00E179B2 /* zcodec.c */,
				DA9AE3AF17CA31EE00E179B2 /* zcodec.h */,
				DA9AE3B117CA31EE00E179B2 /* zcodecpp.h */,
				DA9AE3B217CA31EE00E179B2 /* zlog.c */,
				DA9AE3B417CA31EE00E179B2 /* zlog.h */,
				DA9AE3B617CA31EE00E179B2 /* ztypes.h */,
			);
			name = libbase;
			path = ../../../libbase;
			sourceTree = "<group>";
		};
		DA9AE3C217CA320500E179B2 /* libframework */ = {
			isa = PBXGroup;
			children = (
				DA9AE3C417CA320500E179B2 /* main.cc */,
				DA9AE3C517CA320500E179B2 /* Makefile */,
				DA9AE3C617CA320500E179B2 /* zclient.cc */,
				DA9AE3C817CA320500E179B2 /* zclient.h */,
				DA9AE3CA17CA320500E179B2 /* zclient_handler.h */,
				DA9AE3CB17CA320500E179B2 /* zdispatcher.cc */,
				DA9AE3CD17CA320500E179B2 /* zdispatcher.h */,
				DA9AE3CF17CA320500E179B2 /* zerrno.h */,
				DA9AE3D017CA320500E179B2 /* zframework.h */,
				DA9AE3D117CA320500E179B2 /* zhandler.h */,
				DA9AE3D217CA320500E179B2 /* zinner_message.h */,
				DA9AE3D317CA320500E179B2 /* zmodule.h */,
				DA9AE3D417CA320500E179B2 /* zserver.cc */,
				DA9AE3D617CA320500E179B2 /* zserver.h */,
				DA9AE3D817CA320500E179B2 /* zserver_handler.cc */,
				DA9AE3DA17CA320500E179B2 /* zserver_handler.h */,
				DA9AE3DC17CA320500E179B2 /* zsession.h */,
				DA9AE3DD17CA320500E179B2 /* zsession_ctrl.h */,
				DA9AE3DE17CA320500E179B2 /* ztime.h */,
				DA9AE3DF17CA320500E179B2 /* ztimer.h */,
				DA9AE3E017CA320500E179B2 /* zutil.cc */,
				DA9AE3E217CA320500E179B2 /* zutil.h */,
			);
			name = libframework;
			path = ../../../libframework;
			sourceTree = "<group>";
		};
		DA9AE3F617CA320F00E179B2 /* libzigbee */ = {
			isa = PBXGroup;
			children = (
				DA9AE3F817CA320F00E179B2 /* main.cc */,
				DA9AE3F917CA320F00E179B2 /* Makefile */,
				DA9AE3FA17CA320F00E179B2 /* zbdefines.h */,
				DA9AE3FB17CA320F00E179B2 /* zbdevice_manager.cc */,
				DA9AE3FD17CA320F00E179B2 /* zbdevice_manager.h */,
				DA9AE3FF17CA320F00E179B2 /* zzigbee_codec.h */,
				DA9AE40017CA320F00E179B2 /* zzigbee_message.cc */,
				DA9AE40217CA320F00E179B2 /* zzigbee_message.h */,
			);
			name = libzigbee;
			path = ../../../libzigbee;
			sourceTree = "<group>";
		};
		DA9AE40D17CA321F00E179B2 /* server */ = {
			isa = PBXGroup;
			children = (
				DA9AE40F17CA321F00E179B2 /* center.cc */,
				DA9AE41117CA321F00E179B2 /* center.mk */,
				DA9AE41317CA321F00E179B2 /* config.cfg */,
				DA9AE41517CA321F00E179B2 /* fgw.cc */,
				DA9AE41717CA321F00E179B2 /* fgw.mk */,
				DA9AE41917CA321F00E179B2 /* fgw_client.cc */,
				DA9AE41B17CA321F00E179B2 /* fgw_client.h */,
				DA9AE41D17CA321F00E179B2 /* fgw_client_handler.cc */,
				DA9AE41F17CA321F00E179B2 /* fgw_client_handler.h */,
				DA9AE42117CA321F00E179B2 /* fgw_handler.cc */,
				DA9AE42317CA321F00E179B2 /* fgw_handler.h */,
				DA9AE42517CA321F00E179B2 /* fgw_server.cc */,
				DA9AE42717CA321F00E179B2 /* fgw_server.h */,
				DA9AE42917CA321F00E179B2 /* fgw_session.h */,
				DA9AE42D17CA321F00E179B2 /* Makefile */,
				DA9AE42E17CA321F00E179B2 /* module.cc */,
				DA9AE43017CA321F00E179B2 /* module.h */,
				DA9AE43217CA321F00E179B2 /* push_message.cc */,
				DA9AE43417CA321F00E179B2 /* push_message.h */,
				DA9AE43617CA321F00E179B2 /* README */,
				DA9AE43717CA321F00E179B2 /* todo.txt */,
				DA9AE43817CA321F00E179B2 /* unittest_main.cc */,
				DA9AE43A17CA321F00E179B2 /* unittest_main.h */,
				DA9AE43C17CA321F00E179B2 /* zformatter.cc */,
				DA9AE43E17CA321F00E179B2 /* zformatter.h */,
				DA9AE44017CA321F00E179B2 /* zinner_message_ex.h */,
				DA9AE44117CA321F00E179B2 /* zjson_codec.h */,
				DA9AE44217CA321F00E179B2 /* zroute.cc */,
				DA9AE44317CA321F00E179B2 /* zroute.h */,
				DA9AE44417CA321F00E179B2 /* zserial.cc */,
				DA9AE44617CA321F00E179B2 /* zserial.h */,
				DA9AE44817CA321F00E179B2 /* zwebapi_handler.cc */,
				DA9AE44A17CA321F00E179B2 /* zwebapi_handler.h */,
				DA9AE44C17CA321F00E179B2 /* zwebapi_msg.cc */,
				DA9AE44D17CA321F00E179B2 /* zwebapi_msg.h */,
				DA9AE44E17CA321F00E179B2 /* zwebapi_server.cc */,
				DA9AE45017CA321F00E179B2 /* zwebapi_server.h */,
				DA9AE45217CA321F00E179B2 /* zwebapi_session.cc */,
				DA9AE45417CA321F00E179B2 /* zwebapi_session.h */,
				DA9AE45617CA321F00E179B2 /* zzigbee_handler.cc */,
				DA9AE45817CA321F00E179B2 /* zzigbee_handler.h */,
				DA9AE45A17CA321F00E179B2 /* zzigbee_module.h */,
				DA9AE45B17CA321F00E179B2 /* zzigbee_session.h */,
			);
			name = server;
			path = ../../../server;
			sourceTree = "<group>";
		};
		DABB6D03173F7AD6009D74F9 = {
			isa = PBXGroup;
			children = (
				DABB6D0E173F7AD6009D74F9 /* monsys */,
				DABB6D0D173F7AD6009D74F9 /* Products */,
			);
			sourceTree = "<group>";
		};
		DABB6D0D173F7AD6009D74F9 /* Products */ = {
			isa = PBXGroup;
			children = (
				DABB6D0C173F7AD6009D74F9 /* monsys */,
			);
			name = Products;
			sourceTree = "<group>";
		};
		DABB6D0E173F7AD6009D74F9 /* monsys */ = {
			isa = PBXGroup;
			children = (
				DA9AE40D17CA321F00E179B2 /* server */,
				DA9AE3F617CA320F00E179B2 /* libzigbee */,
				DA9AE3C217CA320500E179B2 /* libframework */,
				DA9AE3A417CA31EE00E179B2 /* libbase */,
			);
			path = monsys;
			sourceTree = "<group>";
		};
/* End PBXGroup section */

/* Begin PBXNativeTarget section */
		DABB6D0B173F7AD6009D74F9 /* monsys */ = {
			isa = PBXNativeTarget;
			buildConfigurationList = DABB6D15173F7AD6009D74F9 /* Build configuration list for PBXNativeTarget "monsys" */;
			buildPhases = (
				DABB6D08173F7AD6009D74F9 /* Sources */,
				DABB6D09173F7AD6009D74F9 /* Frameworks */,
				DABB6D0A173F7AD6009D74F9 /* CopyFiles */,
			);
			buildRules = (
			);
			dependencies = (
			);
			name = monsys;
			productName = monsys;
			productReference = DABB6D0C173F7AD6009D74F9 /* monsys */;
			productType = "com.apple.product-type.tool";
		};
/* End PBXNativeTarget section */

/* Begin PBXProject section */
		DABB6D04173F7AD6009D74F9 /* Project object */ = {
			isa = PBXProject;
			attributes = {
				LastUpgradeCheck = 0460;
				ORGANIZATIONNAME = 222;
			};
			buildConfigurationList = DABB6D07173F7AD6009D74F9 /* Build configuration list for PBXProject "monsys" */;
			compatibilityVersion = "Xcode 3.2";
			developmentRegion = English;
			hasScannedForEncodings = 0;
			knownRegions = (
				en,
			);
			mainGroup = DABB6D03173F7AD6009D74F9;
			productRefGroup = DABB6D0D173F7AD6009D74F9 /* Products */;
			projectDirPath = "";
			projectRoot = "";
			targets = (
				DABB6D0B173F7AD6009D74F9 /* monsys */,
			);
		};
/* End PBXProject section */

/* Begin PBXSourcesBuildPhase section */
		DABB6D08173F7AD6009D74F9 /* Sources */ = {
			isa = PBXSourcesBuildPhase;
			buildActionMask = 2147483647;
			files = (
				DA9AE3B817CA31EE00E179B2 /* main.cc in Sources */,
				DA9AE3B917CA31EE00E179B2 /* Makefile in Sources */,
				DA9AE3BA17CA31EE00E179B2 /* ref_counted.cc in Sources */,
				DA9AE3BB17CA31EE00E179B2 /* ref_counted_memory.cc in Sources */,
				DA9AE3BC17CA31EE00E179B2 /* zcodec.c in Sources */,
				DA9AE3BF17CA31EE00E179B2 /* zlog.c in Sources */,
				DA9AE3E517CA320500E179B2 /* main.cc in Sources */,
				DA9AE3E617CA320500E179B2 /* Makefile in Sources */,
				DA9AE3E717CA320500E179B2 /* zclient.cc in Sources */,
				DA9AE3EA17CA320500E179B2 /* zdispatcher.cc in Sources */,
				DA9AE3ED17CA320500E179B2 /* zserver.cc in Sources */,
				DA9AE3F017CA320500E179B2 /* zserver_handler.cc in Sources */,
				DA9AE3F317CA320500E179B2 /* zutil.cc in Sources */,
				DA9AE40517CA320F00E179B2 /* main.cc in Sources */,
				DA9AE40617CA320F00E179B2 /* Makefile in Sources */,
				DA9AE40717CA320F00E179B2 /* zbdevice_manager.cc in Sources */,
				DA9AE40A17CA320F00E179B2 /* zzigbee_message.cc in Sources */,
				DA9AE45C17CA321F00E179B2 /* center.cc in Sources */,
				DA9AE45F17CA321F00E179B2 /* fgw.cc in Sources */,
				DA9AE46217CA321F00E179B2 /* fgw_client.cc in Sources */,
				DA9AE46517CA321F00E179B2 /* fgw_client_handler.cc in Sources */,
				DA9AE46817CA321F00E179B2 /* fgw_handler.cc in Sources */,
				DA9AE46B17CA321F00E179B2 /* fgw_server.cc in Sources */,
				DA9AE46E17CA321F00E179B2 /* Makefile in Sources */,
				DA9AE46F17CA321F00E179B2 /* module.cc in Sources */,
				DA9AE47217CA321F00E179B2 /* push_message.cc in Sources */,
				DA9AE47517CA321F00E179B2 /* unittest_main.cc in Sources */,
				DA9AE47817CA321F00E179B2 /* zformatter.cc in Sources */,
				DA9AE47B17CA321F00E179B2 /* zroute.cc in Sources */,
				DA9AE47C17CA321F00E179B2 /* zserial.cc in Sources */,
				DA9AE47F17CA321F00E179B2 /* zwebapi_handler.cc in Sources */,
				DA9AE48217CA321F00E179B2 /* zwebapi_msg.cc in Sources */,
				DA9AE48317CA321F00E179B2 /* zwebapi_server.cc in Sources */,
				DA9AE48617CA321F00E179B2 /* zwebapi_session.cc in Sources */,
				DA9AE48917CA321F00E179B2 /* zzigbee_handler.cc in Sources */,
			);
			runOnlyForDeploymentPostprocessing = 0;
		};
/* End PBXSourcesBuildPhase section */

/* Begin XCBuildConfiguration section */
		DABB6D13173F7AD6009D74F9 /* Debug */ = {
			isa = XCBuildConfiguration;
			buildSettings = {
				ALWAYS_SEARCH_USER_PATHS = NO;
				ARCHS = "$(ARCHS_STANDARD_64_BIT)";
				CLANG_CXX_LANGUAGE_STANDARD = "gnu++0x";
				CLANG_CXX_LIBRARY = "libc++";
				CLANG_ENABLE_OBJC_ARC = YES;
				CLANG_WARN_CONSTANT_CONVERSION = YES;
				CLANG_WARN_EMPTY_BODY = YES;
				CLANG_WARN_ENUM_CONVERSION = YES;
				CLANG_WARN_INT_CONVERSION = YES;
				CLANG_WARN__DUPLICATE_METHOD_MATCH = YES;
				COPY_PHASE_STRIP = NO;
				GCC_C_LANGUAGE_STANDARD = gnu99;
				GCC_DYNAMIC_NO_PIC = NO;
				GCC_ENABLE_OBJC_EXCEPTIONS = YES;
				GCC_OPTIMIZATION_LEVEL = 0;
				GCC_PREPROCESSOR_DEFINITIONS = (
					"DEBUG=1",
					"$(inherited)",
				);
				GCC_SYMBOLS_PRIVATE_EXTERN = NO;
				GCC_WARN_64_TO_32_BIT_CONVERSION = YES;
				GCC_WARN_ABOUT_RETURN_TYPE = YES;
				GCC_WARN_UNINITIALIZED_AUTOS = YES;
				GCC_WARN_UNUSED_VARIABLE = YES;
				"HEADER_SEARCH_PATHS[arch=*]" = (
					../../libs/include,
					../../,
				);
				MACOSX_DEPLOYMENT_TARGET = 10.8;
				ONLY_ACTIVE_ARCH = YES;
				SDKROOT = macosx;
			};
			name = Debug;
		};
		DABB6D14173F7AD6009D74F9 /* Release */ = {
			isa = XCBuildConfiguration;
			buildSettings = {
				ALWAYS_SEARCH_USER_PATHS = NO;
				ARCHS = "$(ARCHS_STANDARD_64_BIT)";
				CLANG_CXX_LANGUAGE_STANDARD = "gnu++0x";
				CLANG_CXX_LIBRARY = "libc++";
				CLANG_ENABLE_OBJC_ARC = YES;
				CLANG_WARN_CONSTANT_CONVERSION = YES;
				CLANG_WARN_EMPTY_BODY = YES;
				CLANG_WARN_ENUM_CONVERSION = YES;
				CLANG_WARN_INT_CONVERSION = YES;
				CLANG_WARN__DUPLICATE_METHOD_MATCH = YES;
				COPY_PHASE_STRIP = YES;
				DEBUG_INFORMATION_FORMAT = "dwarf-with-dsym";
				GCC_C_LANGUAGE_STANDARD = gnu99;
				GCC_ENABLE_OBJC_EXCEPTIONS = YES;
				GCC_WARN_64_TO_32_BIT_CONVERSION = YES;
				GCC_WARN_ABOUT_RETURN_TYPE = YES;
				GCC_WARN_UNINITIALIZED_AUTOS = YES;
				GCC_WARN_UNUSED_VARIABLE = YES;
				MACOSX_DEPLOYMENT_TARGET = 10.8;
				SDKROOT = macosx;
			};
			name = Release;
		};
		DABB6D16173F7AD6009D74F9 /* Debug */ = {
			isa = XCBuildConfiguration;
			buildSettings = {
				"HEADER_SEARCH_PATHS[arch=*]" = (
					/Volumes/Data/workspaces/jansson/out/include,
					/Volumes/Data/workspaces/monsys/libs/include,
					/Volumes/Data/workspaces/monsys/libmonsys,
				);
				LIBRARY_SEARCH_PATHS = (
					"$(inherited)",
					"\"$(SRCROOT)/../../libbase\"",
					"\"$(SRCROOT)/../../libframework\"",
					"\"$(SRCROOT)/../../libzigbee\"",
				);
				PRODUCT_NAME = "$(TARGET_NAME)";
			};
			name = Debug;
		};
		DABB6D17173F7AD6009D74F9 /* Release */ = {
			isa = XCBuildConfiguration;
			buildSettings = {
				LIBRARY_SEARCH_PATHS = (
					"$(inherited)",
					"\"$(SRCROOT)/../../libbase\"",
					"\"$(SRCROOT)/../../libframework\"",
					"\"$(SRCROOT)/../../libzigbee\"",
				);
				PRODUCT_NAME = "$(TARGET_NAME)";
			};
			name = Release;
		};
/* End XCBuildConfiguration section */

/* Begin XCConfigurationList section */
		DABB6D07173F7AD6009D74F9 /* Build configuration list for PBXProject "monsys" */ = {
			isa = XCConfigurationList;
			buildConfigurations = (
				DABB6D13173F7AD6009D74F9 /* Debug */,
				DABB6D14173F7AD6009D74F9 /* Release */,
			);
			defaultConfigurationIsVisible = 0;
			defaultConfigurationName = Release;
		};
		DABB6D15173F7AD6009D74F9 /* Build configuration list for PBXNativeTarget "monsys" */ = {
			isa = XCConfigurationList;
			buildConfigurations = (
				DABB6D16173F7AD6009D74F9 /* Debug */,
				DABB6D17173F7AD6009D74F9 /* Release */,
			);
			defaultConfigurationIsVisible = 0;
			defaultConfigurationName = Release;
		};
/* End XCConfigurationList section */
	};
	rootObject = DABB6D04173F7AD6009D74F9 /* Project object */;
}
